
Microsoft Visual Studio Solution File, Format Version 12.00
# Visual Studio Version 17
VisualStudioVersion = 17.3.32922.545
MinimumVisualStudioVersion = 10.0.40219.1
Project("{9A19103F-16F7-4668-BE54-9A1E7A4F7556}") = "API", "API\API.csproj", "{C134F449-F153-47EB-ACF7-BEFBC1EC5CF9}"
EndProject
Project("{FAE04EC0-301F-11D3-BF4B-00C04F79EFBC}") = "Core", "Core\Core.csproj", "{412D4CDA-838B-49B2-B17C-BF9FD07B6ADB}"
EndProject
Project("{FAE04EC0-301F-11D3-BF4B-00C04F79EFBC}") = "Infrastructure", "Infrastructure\Infrastructure.csproj", "{0C6A3054-BD56-4081-ADA0-F6C3D9E09D8D}"
EndProject
Global
	GlobalSection(SolutionConfigurationPlatforms) = preSolution
		Debug|Any CPU = Debug|Any CPU
		Release|Any CPU = Release|Any CPU
	EndGlobalSection
	GlobalSection(ProjectConfigurationPlatforms) = postSolution
		{C134F449-F153-47EB-ACF7-BEFBC1EC5CF9}.Debug|Any CPU.ActiveCfg = Debug|Any CPU
		{C134F449-F153-47EB-ACF7-BEFBC1EC5CF9}.Debug|Any CPU.Build.0 = Debug|Any CPU
		{C134F449-F153-47EB-ACF7-BEFBC1EC5CF9}.Release|Any CPU.ActiveCfg = Release|Any CPU
		{C134F449-F153-47EB-ACF7-BEFBC1EC5CF9}.Release|Any CPU.Build.0 = Release|Any CPU
		{412D4CDA-838B-49B2-B17C-BF9FD07B6ADB}.Debug|Any CPU.ActiveCfg = Debug|Any CPU
		{412D4CDA-838B-49B2-B17C-BF9FD07B6ADB}.Debug|Any CPU.Build.0 = Debug|Any CPU
		{412D4CDA-838B-49B2-B17C-BF9FD07B6ADB}.Release|Any CPU.ActiveCfg = Release|Any CPU
		{412D4CDA-838B-49B2-B17C-BF9FD07B6ADB}.Release|Any CPU.Build.0 = Release|Any CPU
		{0C6A3054-BD56-4081-ADA0-F6C3D9E09D8D}.Debug|Any CPU.ActiveCfg = Debug|Any CPU
		{0C6A3054-BD56-4081-ADA0-F6C3D9E09D8D}.Debug|Any CPU.Build.0 = Debug|Any CPU
		{0C6A3054-BD56-4081-ADA0-F6C3D9E09D8D}.Release|Any CPU.ActiveCfg = Release|Any CPU
		{0C6A3054-BD56-4081-ADA0-F6C3D9E09D8D}.Release|Any CPU.Build.0 = Release|Any CPU
	EndGlobalSection
	GlobalSection(SolutionProperties) = preSolution
		HideSolutionNode = FALSE
	EndGlobalSection
	GlobalSection(ExtensibilityGlobals) = postSolution
		SolutionGuid = {7395369C-3352-4731-A694-9545D6403DBD}
	EndGlobalSection
EndGlobal
